{
  "requires": true,
  "lockfileVersion": 1,
  "dependencies": {
    "@angular/fire": {
      "version": "6.0.2",
      "resolved": "https://registry.npmjs.org/@angular/fire/-/fire-6.0.2.tgz",
      "integrity": "sha512-r59v7XD2oNN1oJghRMcph+PVqJj49aQnQevArOU4ldW07K0t9k2Ud8ALO/z3iNvMOBkumenGlYSS/h3v4foLBg==",
      "requires": {
        "tslib": "^1.10.0"
      }
    },
    "ngx-print": {
      "version": "1.2.0-beta.5",
      "resolved": "https://registry.npmjs.org/ngx-print/-/ngx-print-1.2.0-beta.5.tgz",
      "integrity": "sha512-fzCLOYZxXghR33Pgha71k/n2rIZflXwhyP/pCFz+yCqcLSn7j4yuy9uiSo6OxPLAVrp/WXg8vET4z5KLAffKjw==",
      "requires": {
        "tslib": "^1.9.3"
      }
    },
    "tslib": {
      "version": "1.13.0",
      "resolved": "https://registry.npmjs.org/tslib/-/tslib-1.13.0.tgz",
      "integrity": "sha512-i/6DQjL8Xf3be4K/E6Wgpekn5Qasl1usyw++dAA35Ue5orEn65VIxOA+YvNNl9HV3qv70T7CNwjODHZrLwvd1Q=="
    }
  }
}
